PODS:
  - BLContactsViewController (0.1.2)
  - BLPhoneFormat (0.3.1)
  - pop (1.0.7)
  - Telegram-iOS-SDK (0.0.4):
    - BLContactsViewController
    - BLPhoneFormat
    - pop

DEPENDENCIES:
  - Telegram-iOS-SDK (from `../`)

EXTERNAL SOURCES:
  Telegram-iOS-SDK:
    :path: ../

SPEC CHECKSUMS:
  BLContactsViewController: dd2f27b4bf9f8cd82e410ee5bd4c5c4caa240288
  BLPhoneFormat: 1382d9dd80e6b3fc2bc932c06648c32d11a440dc
  pop: 628ffc631644601567ee8bfaaaea493ebd7d0923
  Telegram-iOS-SDK: 88ad8e582e8535c6814324c4c3bdb38fc9989c19

COCOAPODS: 0.36.1
